
Microsoft Visual Studio Solution File, Format Version 12.00
# Visual Studio 15
VisualStudioVersion = 15.0.26228.9
MinimumVisualStudioVersion = 10.0.40219.1
Project("{2150E333-8FDC-42A3-9474-1A3956D46DE8}") = "src", "src", "{F3EDD686-646A-4EDD-B54B-8C32DF7F7906}"
EndProject
Project("{2150E333-8FDC-42A3-9474-1A3956D46DE8}") = "tests", "tests", "{3958FA43-9C0E-40A7-8BB1-52337DAD77C4}"
EndProject
Project("{9A19103F-16F7-4668-BE54-9A1E7A4F7556}") = "Tact", "src\Tact\Tact.csproj", "{3AEC4A57-FE2E-4B87-9EB9-7A1FD3346E37}"
EndProject
Project("{9A19103F-16F7-4668-BE54-9A1E7A4F7556}") = "Tact.Tests", "tests\Tact.Tests\Tact.Tests.csproj", "{33F16B6B-8E20-4655-B7AA-B502B71CFCBF}"
EndProject
Project("{9A19103F-16F7-4668-BE54-9A1E7A4F7556}") = "Tact.Tests.Console", "tests\Tact.Tests.Console\Tact.Tests.Console.csproj", "{4D1DAE9A-0020-4CEE-B482-0148F24C0E42}"
EndProject
Project("{9A19103F-16F7-4668-BE54-9A1E7A4F7556}") = "Tact.Configuration", "src\Tact.Configuration\Tact.Configuration.csproj", "{A1ACB709-4D2F-413A-BF49-3BD9488C7223}"
EndProject
Project("{9A19103F-16F7-4668-BE54-9A1E7A4F7556}") = "Tact.NLog", "src\Tact.NLog\Tact.NLog.csproj", "{3CADBED6-DB9F-48E0-97EB-79B09E53831C}"
EndProject
Project("{9A19103F-16F7-4668-BE54-9A1E7A4F7556}") = "Tact.Json", "src\Tact.Json\Tact.Json.csproj", "{8C8C0581-52BF-482B-B248-6A9E367F9C0E}"
EndProject
Project("{9A19103F-16F7-4668-BE54-9A1E7A4F7556}") = "Tact.AspNetCore.WebSockets.Server", "src\Tact.AspNetCore.WebSockets.Server\Tact.AspNetCore.WebSockets.Server.csproj", "{A1CDD115-7BB7-4EB4-B0D4-9438267ABB42}"
EndProject
Project("{9A19103F-16F7-4668-BE54-9A1E7A4F7556}") = "Tact.AspNetCore.WebSockets.Server.Tests", "tests\Tact.AspNetCore.WebSockets.Server.Tests\Tact.AspNetCore.WebSockets.Server.Tests.csproj", "{623FA08D-EF5A-4B9C-AE72-1A15C595C721}"
EndProject
Global
	GlobalSection(SolutionConfigurationPlatforms) = preSolution
		Debug|Any CPU = Debug|Any CPU
		Release|Any CPU = Release|Any CPU
	EndGlobalSection
	GlobalSection(ProjectConfigurationPlatforms) = postSolution
		{3AEC4A57-FE2E-4B87-9EB9-7A1FD3346E37}.Debug|Any CPU.ActiveCfg = Debug|Any CPU
		{3AEC4A57-FE2E-4B87-9EB9-7A1FD3346E37}.Debug|Any CPU.Build.0 = Debug|Any CPU
		{3AEC4A57-FE2E-4B87-9EB9-7A1FD3346E37}.Release|Any CPU.ActiveCfg = Release|Any CPU
		{3AEC4A57-FE2E-4B87-9EB9-7A1FD3346E37}.Release|Any CPU.Build.0 = Release|Any CPU
		{33F16B6B-8E20-4655-B7AA-B502B71CFCBF}.Debug|Any CPU.ActiveCfg = Debug|Any CPU
		{33F16B6B-8E20-4655-B7AA-B502B71CFCBF}.Debug|Any CPU.Build.0 = Debug|Any CPU
		{33F16B6B-8E20-4655-B7AA-B502B71CFCBF}.Release|Any CPU.ActiveCfg = Release|Any CPU
		{33F16B6B-8E20-4655-B7AA-B502B71CFCBF}.Release|Any CPU.Build.0 = Release|Any CPU
		{4D1DAE9A-0020-4CEE-B482-0148F24C0E42}.Debug|Any CPU.ActiveCfg = Debug|Any CPU
		{4D1DAE9A-0020-4CEE-B482-0148F24C0E42}.Debug|Any CPU.Build.0 = Debug|Any CPU
		{4D1DAE9A-0020-4CEE-B482-0148F24C0E42}.Release|Any CPU.ActiveCfg = Release|Any CPU
		{4D1DAE9A-0020-4CEE-B482-0148F24C0E42}.Release|Any CPU.Build.0 = Release|Any CPU
		{A1ACB709-4D2F-413A-BF49-3BD9488C7223}.Debug|Any CPU.ActiveCfg = Debug|Any CPU
		{A1ACB709-4D2F-413A-BF49-3BD9488C7223}.Debug|Any CPU.Build.0 = Debug|Any CPU
		{A1ACB709-4D2F-413A-BF49-3BD9488C7223}.Release|Any CPU.ActiveCfg = Release|Any CPU
		{A1ACB709-4D2F-413A-BF49-3BD9488C7223}.Release|Any CPU.Build.0 = Release|Any CPU
		{3CADBED6-DB9F-48E0-97EB-79B09E53831C}.Debug|Any CPU.ActiveCfg = Debug|Any CPU
		{3CADBED6-DB9F-48E0-97EB-79B09E53831C}.Debug|Any CPU.Build.0 = Debug|Any CPU
		{3CADBED6-DB9F-48E0-97EB-79B09E53831C}.Release|Any CPU.ActiveCfg = Release|Any CPU
		{3CADBED6-DB9F-48E0-97EB-79B09E53831C}.Release|Any CPU.Build.0 = Release|Any CPU
		{8C8C0581-52BF-482B-B248-6A9E367F9C0E}.Debug|Any CPU.ActiveCfg = Debug|Any CPU
		{8C8C0581-52BF-482B-B248-6A9E367F9C0E}.Debug|Any CPU.Build.0 = Debug|Any CPU
		{8C8C0581-52BF-482B-B248-6A9E367F9C0E}.Release|Any CPU.ActiveCfg = Release|Any CPU
		{8C8C0581-52BF-482B-B248-6A9E367F9C0E}.Release|Any CPU.Build.0 = Release|Any CPU
		{A1CDD115-7BB7-4EB4-B0D4-9438267ABB42}.Debug|Any CPU.ActiveCfg = Debug|Any CPU
		{A1CDD115-7BB7-4EB4-B0D4-9438267ABB42}.Debug|Any CPU.Build.0 = Debug|Any CPU
		{A1CDD115-7BB7-4EB4-B0D4-9438267ABB42}.Release|Any CPU.ActiveCfg = Release|Any CPU
		{A1CDD115-7BB7-4EB4-B0D4-9438267ABB42}.Release|Any CPU.Build.0 = Release|Any CPU
		{623FA08D-EF5A-4B9C-AE72-1A15C595C721}.Debug|Any CPU.ActiveCfg = Debug|Any CPU
		{623FA08D-EF5A-4B9C-AE72-1A15C595C721}.Debug|Any CPU.Build.0 = Debug|Any CPU
		{623FA08D-EF5A-4B9C-AE72-1A15C595C721}.Release|Any CPU.ActiveCfg = Release|Any CPU
		{623FA08D-EF5A-4B9C-AE72-1A15C595C721}.Release|Any CPU.Build.0 = Release|Any CPU
	EndGlobalSection
	GlobalSection(SolutionProperties) = preSolution
		HideSolutionNode = FALSE
	EndGlobalSection
	GlobalSection(NestedProjects) = preSolution
		{3AEC4A57-FE2E-4B87-9EB9-7A1FD3346E37} = {F3EDD686-646A-4EDD-B54B-8C32DF7F7906}
		{33F16B6B-8E20-4655-B7AA-B502B71CFCBF} = {3958FA43-9C0E-40A7-8BB1-52337DAD77C4}
		{4D1DAE9A-0020-4CEE-B482-0148F24C0E42} = {3958FA43-9C0E-40A7-8BB1-52337DAD77C4}
		{A1ACB709-4D2F-413A-BF49-3BD9488C7223} = {F3EDD686-646A-4EDD-B54B-8C32DF7F7906}
		{3CADBED6-DB9F-48E0-97EB-79B09E53831C} = {F3EDD686-646A-4EDD-B54B-8C32DF7F7906}
		{8C8C0581-52BF-482B-B248-6A9E367F9C0E} = {F3EDD686-646A-4EDD-B54B-8C32DF7F7906}
		{A1CDD115-7BB7-4EB4-B0D4-9438267ABB42} = {F3EDD686-646A-4EDD-B54B-8C32DF7F7906}
		{623FA08D-EF5A-4B9C-AE72-1A15C595C721} = {3958FA43-9C0E-40A7-8BB1-52337DAD77C4}
	EndGlobalSection
EndGlobal
