
Microsoft Visual Studio Solution File, Format Version 12.00
# Visual Studio 15
VisualStudioVersion = 15.0.26228.9
MinimumVisualStudioVersion = 10.0.40219.1
Project("{2150E333-8FDC-42A3-9474-1A3956D46DE8}") = "framework", "framework", "{72F3A7D0-80F3-4367-B019-B8ED10FDFA6E}"
EndProject
Project("{2150E333-8FDC-42A3-9474-1A3956D46DE8}") = "rpc", "rpc", "{75FD049E-C80D-44E1-99CF-869D310233B0}"
EndProject
Project("{2150E333-8FDC-42A3-9474-1A3956D46DE8}") = "demo", "demo", "{EF6AF17E-3571-452C-90C9-10FBB769617E}"
EndProject
Project("{2150E333-8FDC-42A3-9474-1A3956D46DE8}") = "src", "src", "{30B9AA4E-ED03-469A-86D0-A09B91CA3E73}"
EndProject
Project("{2150E333-8FDC-42A3-9474-1A3956D46DE8}") = "tests", "tests", "{94C75C01-453A-4D12-85C5-533928BEF952}"
EndProject
Project("{2150E333-8FDC-42A3-9474-1A3956D46DE8}") = "demo", "demo", "{DEFF8A1B-AE75-4B83-B656-26414F0211FA}"
EndProject
Project("{2150E333-8FDC-42A3-9474-1A3956D46DE8}") = "src", "src", "{30572F1F-E178-4B79-A40F-DFBAD09CF968}"
EndProject
Project("{2150E333-8FDC-42A3-9474-1A3956D46DE8}") = "tests", "tests", "{EDF1B15E-FD3C-4FEC-BB69-B89DBE5CC34F}"
EndProject
Project("{9A19103F-16F7-4668-BE54-9A1E7A4F7556}") = "Tact", "framework\src\Tact\Tact.csproj", "{1747011C-788D-45D1-91AF-90DCF65AD565}"
EndProject
Project("{9A19103F-16F7-4668-BE54-9A1E7A4F7556}") = "Tact.AspNetCore", "framework\src\Tact.AspNetCore\Tact.AspNetCore.csproj", "{92F88D46-5DBE-4EBE-A24A-818C7B5029B0}"
EndProject
Project("{9A19103F-16F7-4668-BE54-9A1E7A4F7556}") = "Tact.AspNetCore.WebSockets.Server", "framework\src\Tact.AspNetCore.WebSockets.Server\Tact.AspNetCore.WebSockets.Server.csproj", "{61769EE2-4594-4603-8410-0318367046E7}"
EndProject
Project("{9A19103F-16F7-4668-BE54-9A1E7A4F7556}") = "Tact.Configuration", "framework\src\Tact.Configuration\Tact.Configuration.csproj", "{D8EB8940-843C-45A0-AC46-97AB9F0800E0}"
EndProject
Project("{9A19103F-16F7-4668-BE54-9A1E7A4F7556}") = "Tact.Json", "framework\src\Tact.Json\Tact.Json.csproj", "{E713A243-8998-4E76-851E-F56148CACBD0}"
EndProject
Project("{9A19103F-16F7-4668-BE54-9A1E7A4F7556}") = "Tact.NLog", "framework\src\Tact.NLog\Tact.NLog.csproj", "{A0DF4214-2E07-4E75-86B8-042BED73EE4C}"
EndProject
Project("{9A19103F-16F7-4668-BE54-9A1E7A4F7556}") = "Demo.Tact.AspNetCore", "framework\demo\Demo.Tact.AspNetCore\Demo.Tact.AspNetCore.csproj", "{88BF996C-D8A8-4EED-935C-FAE0EBF55BC8}"
EndProject
Project("{9A19103F-16F7-4668-BE54-9A1E7A4F7556}") = "Demo.Tact.Console", "framework\demo\Demo.Tact.Console\Demo.Tact.Console.csproj", "{67F9D0B5-9E88-4B76-9BC5-78E2CC435EBB}"
EndProject
Project("{9A19103F-16F7-4668-BE54-9A1E7A4F7556}") = "Tact.Tests", "framework\tests\Tact.Tests\Tact.Tests.csproj", "{85B649DB-3841-46CF-8C35-FF915DF3D4F6}"
EndProject
Project("{9A19103F-16F7-4668-BE54-9A1E7A4F7556}") = "Tact.AspNetCore.WebSockets.Server.Tests", "framework\tests\Tact.AspNetCore.WebSockets.Server.Tests\Tact.AspNetCore.WebSockets.Server.Tests.csproj", "{71F8030B-A4C3-4CCF-8330-8158132A7741}"
EndProject
Project("{9A19103F-16F7-4668-BE54-9A1E7A4F7556}") = "Tact.Rpc", "rpc\src\Tact.Rpc\Tact.Rpc.csproj", "{86FB4DA4-909E-40C1-8C06-500B0CA392DD}"
EndProject
Project("{9A19103F-16F7-4668-BE54-9A1E7A4F7556}") = "Tact.Rpc.Server.Http", "rpc\src\Tact.Rpc.Server.Http\Tact.Rpc.Server.Http.csproj", "{B88B70C9-54FA-48F2-80D2-ABD2EAF4A2A9}"
EndProject
Project("{9A19103F-16F7-4668-BE54-9A1E7A4F7556}") = "Demo.Rpc", "rpc\demo\Demo.Rpc\Demo.Rpc.csproj", "{E6156BA4-2B84-4923-98EC-474A86A3F976}"
EndProject
Project("{9A19103F-16F7-4668-BE54-9A1E7A4F7556}") = "Demo.Rpc.Client.Http", "rpc\demo\Demo.Rpc.Client.Http\Demo.Rpc.Client.Http.csproj", "{B7AF1ACB-8839-4809-8FA1-27EEC6DFE9B8}"
EndProject
Project("{9A19103F-16F7-4668-BE54-9A1E7A4F7556}") = "Demo.Rpc.Server.Http", "rpc\demo\Demo.Rpc.Server.Http\Demo.Rpc.Server.Http.csproj", "{39E1F7A9-4663-44E0-AE02-7968A1435511}"
EndProject
Project("{9A19103F-16F7-4668-BE54-9A1E7A4F7556}") = "Demo.Rpc.Server", "rpc\demo\Demo.Rpc.Server\Demo.Rpc.Server.csproj", "{6B106FE6-0F60-47DA-B0C8-3274B2108DA6}"
EndProject
Project("{9A19103F-16F7-4668-BE54-9A1E7A4F7556}") = "ConsoleApp", "rpc\demo\ConsoleApp\ConsoleApp.csproj", "{B6B27D0E-F7CC-4596-A898-A44284680225}"
EndProject
Project("{9A19103F-16F7-4668-BE54-9A1E7A4F7556}") = "Tact.Rpc.Json", "rpc\src\Tact.Rpc.Json\Tact.Rpc.Json.csproj", "{30391A4F-CAAD-4335-AA21-CAC8A88FC640}"
EndProject
Project("{9A19103F-16F7-4668-BE54-9A1E7A4F7556}") = "Tact.Rpc.Client.Http", "rpc\src\Tact.Rpc.Client.Http\Tact.Rpc.Client.Http.csproj", "{636E0664-40CF-42CB-A7DF-C52E94C56A05}"
EndProject
Project("{9A19103F-16F7-4668-BE54-9A1E7A4F7556}") = "Tact.Rpc.Protobuf", "rpc\src\Tact.Rpc.Protobuf\Tact.Rpc.Protobuf.csproj", "{1094D31B-86A3-420B-A3BF-BA3E20805BF9}"
EndProject
Project("{FAE04EC0-301F-11D3-BF4B-00C04F79EFBC}") = "Tact.Rpc.Server.WebSocket", "rpc\src\Tact.Rpc.Server.WebSocket\Tact.Rpc.Server.WebSocket.csproj", "{B873D3D9-C2E8-4E2C-A6FC-B0C7F0FD284B}"
EndProject
Project("{FAE04EC0-301F-11D3-BF4B-00C04F79EFBC}") = "Tact.Rpc.Client.WebSocket", "rpc\src\Tact.Rpc.Client.WebSocket\Tact.Rpc.Client.WebSocket.csproj", "{147E70A5-8E8F-488C-A453-47DF2A113EEC}"
EndProject
Project("{FAE04EC0-301F-11D3-BF4B-00C04F79EFBC}") = "Demo.Rpc.Server.WebSocket", "rpc\demo\Demo.Rpc.Server.WebSocket\Demo.Rpc.Server.WebSocket.csproj", "{B1CC4E62-2D7B-49C3-8E44-328050061AC4}"
EndProject
Global
	GlobalSection(SolutionConfigurationPlatforms) = preSolution
		Debug|Any CPU = Debug|Any CPU
		Release|Any CPU = Release|Any CPU
	EndGlobalSection
	GlobalSection(ProjectConfigurationPlatforms) = postSolution
		{1747011C-788D-45D1-91AF-90DCF65AD565}.Debug|Any CPU.ActiveCfg = Debug|Any CPU
		{1747011C-788D-45D1-91AF-90DCF65AD565}.Debug|Any CPU.Build.0 = Debug|Any CPU
		{1747011C-788D-45D1-91AF-90DCF65AD565}.Release|Any CPU.ActiveCfg = Release|Any CPU
		{1747011C-788D-45D1-91AF-90DCF65AD565}.Release|Any CPU.Build.0 = Release|Any CPU
		{92F88D46-5DBE-4EBE-A24A-818C7B5029B0}.Debug|Any CPU.ActiveCfg = Debug|Any CPU
		{92F88D46-5DBE-4EBE-A24A-818C7B5029B0}.Debug|Any CPU.Build.0 = Debug|Any CPU
		{92F88D46-5DBE-4EBE-A24A-818C7B5029B0}.Release|Any CPU.ActiveCfg = Release|Any CPU
		{92F88D46-5DBE-4EBE-A24A-818C7B5029B0}.Release|Any CPU.Build.0 = Release|Any CPU
		{61769EE2-4594-4603-8410-0318367046E7}.Debug|Any CPU.ActiveCfg = Debug|Any CPU
		{61769EE2-4594-4603-8410-0318367046E7}.Debug|Any CPU.Build.0 = Debug|Any CPU
		{61769EE2-4594-4603-8410-0318367046E7}.Release|Any CPU.ActiveCfg = Release|Any CPU
		{61769EE2-4594-4603-8410-0318367046E7}.Release|Any CPU.Build.0 = Release|Any CPU
		{D8EB8940-843C-45A0-AC46-97AB9F0800E0}.Debug|Any CPU.ActiveCfg = Debug|Any CPU
		{D8EB8940-843C-45A0-AC46-97AB9F0800E0}.Debug|Any CPU.Build.0 = Debug|Any CPU
		{D8EB8940-843C-45A0-AC46-97AB9F0800E0}.Release|Any CPU.ActiveCfg = Release|Any CPU
		{D8EB8940-843C-45A0-AC46-97AB9F0800E0}.Release|Any CPU.Build.0 = Release|Any CPU
		{E713A243-8998-4E76-851E-F56148CACBD0}.Debug|Any CPU.ActiveCfg = Debug|Any CPU
		{E713A243-8998-4E76-851E-F56148CACBD0}.Debug|Any CPU.Build.0 = Debug|Any CPU
		{E713A243-8998-4E76-851E-F56148CACBD0}.Release|Any CPU.ActiveCfg = Release|Any CPU
		{E713A243-8998-4E76-851E-F56148CACBD0}.Release|Any CPU.Build.0 = Release|Any CPU
		{A0DF4214-2E07-4E75-86B8-042BED73EE4C}.Debug|Any CPU.ActiveCfg = Debug|Any CPU
		{A0DF4214-2E07-4E75-86B8-042BED73EE4C}.Debug|Any CPU.Build.0 = Debug|Any CPU
		{A0DF4214-2E07-4E75-86B8-042BED73EE4C}.Release|Any CPU.ActiveCfg = Release|Any CPU
		{A0DF4214-2E07-4E75-86B8-042BED73EE4C}.Release|Any CPU.Build.0 = Release|Any CPU
		{88BF996C-D8A8-4EED-935C-FAE0EBF55BC8}.Debug|Any CPU.ActiveCfg = Debug|Any CPU
		{88BF996C-D8A8-4EED-935C-FAE0EBF55BC8}.Debug|Any CPU.Build.0 = Debug|Any CPU
		{88BF996C-D8A8-4EED-935C-FAE0EBF55BC8}.Release|Any CPU.ActiveCfg = Release|Any CPU
		{88BF996C-D8A8-4EED-935C-FAE0EBF55BC8}.Release|Any CPU.Build.0 = Release|Any CPU
		{67F9D0B5-9E88-4B76-9BC5-78E2CC435EBB}.Debug|Any CPU.ActiveCfg = Debug|Any CPU
		{67F9D0B5-9E88-4B76-9BC5-78E2CC435EBB}.Debug|Any CPU.Build.0 = Debug|Any CPU
		{67F9D0B5-9E88-4B76-9BC5-78E2CC435EBB}.Release|Any CPU.ActiveCfg = Release|Any CPU
		{67F9D0B5-9E88-4B76-9BC5-78E2CC435EBB}.Release|Any CPU.Build.0 = Release|Any CPU
		{85B649DB-3841-46CF-8C35-FF915DF3D4F6}.Debug|Any CPU.ActiveCfg = Debug|Any CPU
		{85B649DB-3841-46CF-8C35-FF915DF3D4F6}.Debug|Any CPU.Build.0 = Debug|Any CPU
		{85B649DB-3841-46CF-8C35-FF915DF3D4F6}.Release|Any CPU.ActiveCfg = Release|Any CPU
		{85B649DB-3841-46CF-8C35-FF915DF3D4F6}.Release|Any CPU.Build.0 = Release|Any CPU
		{71F8030B-A4C3-4CCF-8330-8158132A7741}.Debug|Any CPU.ActiveCfg = Debug|Any CPU
		{71F8030B-A4C3-4CCF-8330-8158132A7741}.Debug|Any CPU.Build.0 = Debug|Any CPU
		{71F8030B-A4C3-4CCF-8330-8158132A7741}.Release|Any CPU.ActiveCfg = Release|Any CPU
		{71F8030B-A4C3-4CCF-8330-8158132A7741}.Release|Any CPU.Build.0 = Release|Any CPU
		{86FB4DA4-909E-40C1-8C06-500B0CA392DD}.Debug|Any CPU.ActiveCfg = Debug|Any CPU
		{86FB4DA4-909E-40C1-8C06-500B0CA392DD}.Debug|Any CPU.Build.0 = Debug|Any CPU
		{86FB4DA4-909E-40C1-8C06-500B0CA392DD}.Release|Any CPU.ActiveCfg = Release|Any CPU
		{86FB4DA4-909E-40C1-8C06-500B0CA392DD}.Release|Any CPU.Build.0 = Release|Any CPU
		{B88B70C9-54FA-48F2-80D2-ABD2EAF4A2A9}.Debug|Any CPU.ActiveCfg = Debug|Any CPU
		{B88B70C9-54FA-48F2-80D2-ABD2EAF4A2A9}.Debug|Any CPU.Build.0 = Debug|Any CPU
		{B88B70C9-54FA-48F2-80D2-ABD2EAF4A2A9}.Release|Any CPU.ActiveCfg = Release|Any CPU
		{B88B70C9-54FA-48F2-80D2-ABD2EAF4A2A9}.Release|Any CPU.Build.0 = Release|Any CPU
		{E6156BA4-2B84-4923-98EC-474A86A3F976}.Debug|Any CPU.ActiveCfg = Debug|Any CPU
		{E6156BA4-2B84-4923-98EC-474A86A3F976}.Debug|Any CPU.Build.0 = Debug|Any CPU
		{E6156BA4-2B84-4923-98EC-474A86A3F976}.Release|Any CPU.ActiveCfg = Release|Any CPU
		{E6156BA4-2B84-4923-98EC-474A86A3F976}.Release|Any CPU.Build.0 = Release|Any CPU
		{B7AF1ACB-8839-4809-8FA1-27EEC6DFE9B8}.Debug|Any CPU.ActiveCfg = Debug|Any CPU
		{B7AF1ACB-8839-4809-8FA1-27EEC6DFE9B8}.Debug|Any CPU.Build.0 = Debug|Any CPU
		{B7AF1ACB-8839-4809-8FA1-27EEC6DFE9B8}.Release|Any CPU.ActiveCfg = Release|Any CPU
		{B7AF1ACB-8839-4809-8FA1-27EEC6DFE9B8}.Release|Any CPU.Build.0 = Release|Any CPU
		{39E1F7A9-4663-44E0-AE02-7968A1435511}.Debug|Any CPU.ActiveCfg = Debug|Any CPU
		{39E1F7A9-4663-44E0-AE02-7968A1435511}.Debug|Any CPU.Build.0 = Debug|Any CPU
		{39E1F7A9-4663-44E0-AE02-7968A1435511}.Release|Any CPU.ActiveCfg = Release|Any CPU
		{39E1F7A9-4663-44E0-AE02-7968A1435511}.Release|Any CPU.Build.0 = Release|Any CPU
		{6B106FE6-0F60-47DA-B0C8-3274B2108DA6}.Debug|Any CPU.ActiveCfg = Debug|Any CPU
		{6B106FE6-0F60-47DA-B0C8-3274B2108DA6}.Debug|Any CPU.Build.0 = Debug|Any CPU
		{6B106FE6-0F60-47DA-B0C8-3274B2108DA6}.Release|Any CPU.ActiveCfg = Release|Any CPU
		{6B106FE6-0F60-47DA-B0C8-3274B2108DA6}.Release|Any CPU.Build.0 = Release|Any CPU
		{B6B27D0E-F7CC-4596-A898-A44284680225}.Debug|Any CPU.ActiveCfg = Debug|Any CPU
		{B6B27D0E-F7CC-4596-A898-A44284680225}.Debug|Any CPU.Build.0 = Debug|Any CPU
		{B6B27D0E-F7CC-4596-A898-A44284680225}.Release|Any CPU.ActiveCfg = Release|Any CPU
		{B6B27D0E-F7CC-4596-A898-A44284680225}.Release|Any CPU.Build.0 = Release|Any CPU
		{30391A4F-CAAD-4335-AA21-CAC8A88FC640}.Debug|Any CPU.ActiveCfg = Debug|Any CPU
		{30391A4F-CAAD-4335-AA21-CAC8A88FC640}.Debug|Any CPU.Build.0 = Debug|Any CPU
		{30391A4F-CAAD-4335-AA21-CAC8A88FC640}.Release|Any CPU.ActiveCfg = Release|Any CPU
		{30391A4F-CAAD-4335-AA21-CAC8A88FC640}.Release|Any CPU.Build.0 = Release|Any CPU
		{636E0664-40CF-42CB-A7DF-C52E94C56A05}.Debug|Any CPU.ActiveCfg = Debug|Any CPU
		{636E0664-40CF-42CB-A7DF-C52E94C56A05}.Debug|Any CPU.Build.0 = Debug|Any CPU
		{636E0664-40CF-42CB-A7DF-C52E94C56A05}.Release|Any CPU.ActiveCfg = Release|Any CPU
		{636E0664-40CF-42CB-A7DF-C52E94C56A05}.Release|Any CPU.Build.0 = Release|Any CPU
		{1094D31B-86A3-420B-A3BF-BA3E20805BF9}.Debug|Any CPU.ActiveCfg = Debug|Any CPU
		{1094D31B-86A3-420B-A3BF-BA3E20805BF9}.Debug|Any CPU.Build.0 = Debug|Any CPU
		{1094D31B-86A3-420B-A3BF-BA3E20805BF9}.Release|Any CPU.ActiveCfg = Release|Any CPU
		{1094D31B-86A3-420B-A3BF-BA3E20805BF9}.Release|Any CPU.Build.0 = Release|Any CPU
		{B873D3D9-C2E8-4E2C-A6FC-B0C7F0FD284B}.Debug|Any CPU.ActiveCfg = Debug|Any CPU
		{B873D3D9-C2E8-4E2C-A6FC-B0C7F0FD284B}.Debug|Any CPU.Build.0 = Debug|Any CPU
		{B873D3D9-C2E8-4E2C-A6FC-B0C7F0FD284B}.Release|Any CPU.ActiveCfg = Release|Any CPU
		{B873D3D9-C2E8-4E2C-A6FC-B0C7F0FD284B}.Release|Any CPU.Build.0 = Release|Any CPU
		{147E70A5-8E8F-488C-A453-47DF2A113EEC}.Debug|Any CPU.ActiveCfg = Debug|Any CPU
		{147E70A5-8E8F-488C-A453-47DF2A113EEC}.Debug|Any CPU.Build.0 = Debug|Any CPU
		{147E70A5-8E8F-488C-A453-47DF2A113EEC}.Release|Any CPU.ActiveCfg = Release|Any CPU
		{147E70A5-8E8F-488C-A453-47DF2A113EEC}.Release|Any CPU.Build.0 = Release|Any CPU
		{B1CC4E62-2D7B-49C3-8E44-328050061AC4}.Debug|Any CPU.ActiveCfg = Debug|Any CPU
		{B1CC4E62-2D7B-49C3-8E44-328050061AC4}.Debug|Any CPU.Build.0 = Debug|Any CPU
		{B1CC4E62-2D7B-49C3-8E44-328050061AC4}.Release|Any CPU.ActiveCfg = Release|Any CPU
		{B1CC4E62-2D7B-49C3-8E44-328050061AC4}.Release|Any CPU.Build.0 = Release|Any CPU
	EndGlobalSection
	GlobalSection(SolutionProperties) = preSolution
		HideSolutionNode = FALSE
	EndGlobalSection
	GlobalSection(NestedProjects) = preSolution
		{EF6AF17E-3571-452C-90C9-10FBB769617E} = {72F3A7D0-80F3-4367-B019-B8ED10FDFA6E}
		{30B9AA4E-ED03-469A-86D0-A09B91CA3E73} = {72F3A7D0-80F3-4367-B019-B8ED10FDFA6E}
		{94C75C01-453A-4D12-85C5-533928BEF952} = {72F3A7D0-80F3-4367-B019-B8ED10FDFA6E}
		{DEFF8A1B-AE75-4B83-B656-26414F0211FA} = {75FD049E-C80D-44E1-99CF-869D310233B0}
		{30572F1F-E178-4B79-A40F-DFBAD09CF968} = {75FD049E-C80D-44E1-99CF-869D310233B0}
		{EDF1B15E-FD3C-4FEC-BB69-B89DBE5CC34F} = {75FD049E-C80D-44E1-99CF-869D310233B0}
		{1747011C-788D-45D1-91AF-90DCF65AD565} = {30B9AA4E-ED03-469A-86D0-A09B91CA3E73}
		{92F88D46-5DBE-4EBE-A24A-818C7B5029B0} = {30B9AA4E-ED03-469A-86D0-A09B91CA3E73}
		{61769EE2-4594-4603-8410-0318367046E7} = {30B9AA4E-ED03-469A-86D0-A09B91CA3E73}
		{D8EB8940-843C-45A0-AC46-97AB9F0800E0} = {30B9AA4E-ED03-469A-86D0-A09B91CA3E73}
		{E713A243-8998-4E76-851E-F56148CACBD0} = {30B9AA4E-ED03-469A-86D0-A09B91CA3E73}
		{A0DF4214-2E07-4E75-86B8-042BED73EE4C} = {30B9AA4E-ED03-469A-86D0-A09B91CA3E73}
		{88BF996C-D8A8-4EED-935C-FAE0EBF55BC8} = {EF6AF17E-3571-452C-90C9-10FBB769617E}
		{67F9D0B5-9E88-4B76-9BC5-78E2CC435EBB} = {EF6AF17E-3571-452C-90C9-10FBB769617E}
		{85B649DB-3841-46CF-8C35-FF915DF3D4F6} = {94C75C01-453A-4D12-85C5-533928BEF952}
		{71F8030B-A4C3-4CCF-8330-8158132A7741} = {94C75C01-453A-4D12-85C5-533928BEF952}
		{86FB4DA4-909E-40C1-8C06-500B0CA392DD} = {30572F1F-E178-4B79-A40F-DFBAD09CF968}
		{B88B70C9-54FA-48F2-80D2-ABD2EAF4A2A9} = {30572F1F-E178-4B79-A40F-DFBAD09CF968}
		{E6156BA4-2B84-4923-98EC-474A86A3F976} = {DEFF8A1B-AE75-4B83-B656-26414F0211FA}
		{B7AF1ACB-8839-4809-8FA1-27EEC6DFE9B8} = {DEFF8A1B-AE75-4B83-B656-26414F0211FA}
		{39E1F7A9-4663-44E0-AE02-7968A1435511} = {DEFF8A1B-AE75-4B83-B656-26414F0211FA}
		{6B106FE6-0F60-47DA-B0C8-3274B2108DA6} = {DEFF8A1B-AE75-4B83-B656-26414F0211FA}
		{B6B27D0E-F7CC-4596-A898-A44284680225} = {DEFF8A1B-AE75-4B83-B656-26414F0211FA}
		{30391A4F-CAAD-4335-AA21-CAC8A88FC640} = {30572F1F-E178-4B79-A40F-DFBAD09CF968}
		{636E0664-40CF-42CB-A7DF-C52E94C56A05} = {30572F1F-E178-4B79-A40F-DFBAD09CF968}
		{1094D31B-86A3-420B-A3BF-BA3E20805BF9} = {30572F1F-E178-4B79-A40F-DFBAD09CF968}
		{B873D3D9-C2E8-4E2C-A6FC-B0C7F0FD284B} = {30572F1F-E178-4B79-A40F-DFBAD09CF968}
		{147E70A5-8E8F-488C-A453-47DF2A113EEC} = {30572F1F-E178-4B79-A40F-DFBAD09CF968}
		{B1CC4E62-2D7B-49C3-8E44-328050061AC4} = {DEFF8A1B-AE75-4B83-B656-26414F0211FA}
	EndGlobalSection
EndGlobal
